// !$*UTF8*$!
{
	archiveVersion = 1;
	classes = {
	};
	objectVersion = 46;
	objects = {

/* Begin PBXBuildFile section */
		6A0E4EBD1DE33BE5005C9888 /* AppDelegate.swift in Sources */ = {isa = PBXBuildFile; fileRef = 6A0E4EBC1DE33BE5005C9888 /* AppDelegate.swift */; };
		6A0E4EBF1DE33BE5005C9888 /* ViewController.swift in Sources */ = {isa = PBXBuildFile; fileRef = 6A0E4EBE1DE33BE5005C9888 /* ViewController.swift */; };
		6A0E4EC21DE33BE5005C9888 /* Main.storyboard in Resources */ = {isa = PBXBuildFile; fileRef = 6A0E4EC01DE33BE5005C9888 /* Main.storyboard */; };
		6A0E4EC71DE33BE5005C9888 /* LaunchScreen.storyboard in Resources */ = {isa = PBXBuildFile; fileRef = 6A0E4EC51DE33BE5005C9888 /* LaunchScreen.storyboard */; };
		6A0E4ED21DE33BE5005C9888 /* DylanTests.swift in Sources */ = {isa = PBXBuildFile; fileRef = 6A0E4ED11DE33BE5005C9888 /* DylanTests.swift */; };
		6A0E4EDD1DE33BE5005C9888 /* DylanUITests.swift in Sources */ = {isa = PBXBuildFile; fileRef = 6A0E4EDC1DE33BE5005C9888 /* DylanUITests.swift */; };
		6A118BE71DEC97340012DA62 /* Assets.xcassets in Resources */ = {isa = PBXBuildFile; fileRef = 6A0E4EC31DE33BE5005C9888 /* Assets.xcassets */; };
		6A118C0B1DECA3EB0012DA62 /* autobus.mp3 in Resources */ = {isa = PBXBuildFile; fileRef = 6A118BEA1DECA3EB0012DA62 /* autobus.mp3 */; };
		6A118C0C1DECA3EB0012DA62 /* blau.mp3 in Resources */ = {isa = PBXBuildFile; fileRef = 6A118BEB1DECA3EB0012DA62 /* blau.mp3 */; };
		6A118C0D1DECA3EB0012DA62 /* boat.mp3 in Resources */ = {isa = PBXBuildFile; fileRef = 6A118BEC1DECA3EB0012DA62 /* boat.mp3 */; };
		6A118C0E1DECA3EB0012DA62 /* bombers.mp3 in Resources */ = {isa = PBXBuildFile; fileRef = 6A118BED1DECA3EB0012DA62 /* bombers.mp3 */; };
		6A118C0F1DECA3EB0012DA62 /* bus.mp3 in Resources */ = {isa = PBXBuildFile; fileRef = 6A118BEE1DECA3EB0012DA62 /* bus.mp3 */; };
		6A118C101DECA3EB0012DA62 /* camio.mp3 in Resources */ = {isa = PBXBuildFile; fileRef = 6A118BEF1DECA3EB0012DA62 /* camio.mp3 */; };
		6A118C111DECA3EB0012DA62 /* car.mp3 in Resources */ = {isa = PBXBuildFile; fileRef = 6A118BF01DECA3EB0012DA62 /* car.mp3 */; };
		6A118C121DECA3EB0012DA62 /* cotxe.mp3 in Resources */ = {isa = PBXBuildFile; fileRef = 6A118BF11DECA3EB0012DA62 /* cotxe.mp3 */; };
		6A118C131DECA3EB0012DA62 /* digger.mp3 in Resources */ = {isa = PBXBuildFile; fileRef = 6A118BF21DECA3EB0012DA62 /* digger.mp3 */; };
		6A118C141DECA3EB0012DA62 /* excavadora.mp3 in Resources */ = {isa = PBXBuildFile; fileRef = 6A118BF31DECA3EB0012DA62 /* excavadora.mp3 */; };
		6A118C151DECA3EB0012DA62 /* fire engine.mp3 in Resources */ = {isa = PBXBuildFile; fileRef = 6A118BF41DECA3EB0012DA62 /* fire engine.mp3 */; };
		6A118C161DECA3EB0012DA62 /* good.mp3 in Resources */ = {isa = PBXBuildFile; fileRef = 6A118BF51DECA3EB0012DA62 /* good.mp3 */; };
		6A118C171DECA3EB0012DA62 /* green.mp3 in Resources */ = {isa = PBXBuildFile; fileRef = 6A118BF61DECA3EB0012DA62 /* green.mp3 */; };
		6A118C181DECA3EB0012DA62 /* groc.mp3 in Resources */ = {isa = PBXBuildFile; fileRef = 6A118BF71DECA3EB0012DA62 /* groc.mp3 */; };
		6A118C191DECA3EB0012DA62 /* lila.mp3 in Resources */ = {isa = PBXBuildFile; fileRef = 6A118BF81DECA3EB0012DA62 /* lila.mp3 */; };
		6A118C1A1DECA3EB0012DA62 /* mama.mp3 in Resources */ = {isa = PBXBuildFile; fileRef = 6A118BF91DECA3EB0012DA62 /* mama.mp3 */; };
		6A118C1B1DECA3EB0012DA62 /* nana.mp3 in Resources */ = {isa = PBXBuildFile; fileRef = 6A118BFA1DECA3EB0012DA62 /* nana.mp3 */; };
		6A118C1C1DECA3EB0012DA62 /* orange.mp3 in Resources */ = {isa = PBXBuildFile; fileRef = 6A118BFB1DECA3EB0012DA62 /* orange.mp3 */; };
		6A118C1D1DECA3EB0012DA62 /* papa.mp3 in Resources */ = {isa = PBXBuildFile; fileRef = 6A118BFC1DECA3EB0012DA62 /* papa.mp3 */; };
		6A118C1E1DECA3EB0012DA62 /* police car.mp3 in Resources */ = {isa = PBXBuildFile; fileRef = 6A118BFD1DECA3EB0012DA62 /* police car.mp3 */; };
		6A118C1F1DECA3EB0012DA62 /* policia.mp3 in Resources */ = {isa = PBXBuildFile; fileRef = 6A118BFE1DECA3EB0012DA62 /* policia.mp3 */; };
		6A118C201DECA3EB0012DA62 /* purple.mp3 in Resources */ = {isa = PBXBuildFile; fileRef = 6A118BFF1DECA3EB0012DA62 /* purple.mp3 */; };
		6A118C211DECA3EB0012DA62 /* taronja.mp3 in Resources */ = {isa = PBXBuildFile; fileRef = 6A118C001DECA3EB0012DA62 /* taronja.mp3 */; };
		6A118C221DECA3EB0012DA62 /* tiet.mp3 in Resources */ = {isa = PBXBuildFile; fileRef = 6A118C011DECA3EB0012DA62 /* tiet.mp3 */; };
		6A118C231DECA3EB0012DA62 /* tractor_catalan.mp3 in Resources */ = {isa = PBXBuildFile; fileRef = 6A118C021DECA3EB0012DA62 /* tractor_catalan.mp3 */; };
		6A118C241DECA3EB0012DA62 /* tractor.mp3 in Resources */ = {isa = PBXBuildFile; fileRef = 6A118C031DECA3EB0012DA62 /* tractor.mp3 */; };
		6A118C251DECA3EB0012DA62 /* truck.mp3 in Resources */ = {isa = PBXBuildFile; fileRef = 6A118C041DECA3EB0012DA62 /* truck.mp3 */; };
		6A118C261DECA3EB0012DA62 /* uncle.mp3 in Resources */ = {isa = PBXBuildFile; fileRef = 6A118C051DECA3EB0012DA62 /* uncle.mp3 */; };
		6A118C271DECA3EB0012DA62 /* vaixell.mp3 in Resources */ = {isa = PBXBuildFile; fileRef = 6A118C061DECA3EB0012DA62 /* vaixell.mp3 */; };
		6A118C281DECA3EB0012DA62 /* verd.mp3 in Resources */ = {isa = PBXBuildFile; fileRef = 6A118C071DECA3EB0012DA62 /* verd.mp3 */; };
		6A118C291DECA3EB0012DA62 /* yaya.mp3 in Resources */ = {isa = PBXBuildFile; fileRef = 6A118C081DECA3EB0012DA62 /* yaya.mp3 */; };
		6A118C2A1DECA3EB0012DA62 /* yayo.mp3 in Resources */ = {isa = PBXBuildFile; fileRef = 6A118C091DECA3EB0012DA62 /* yayo.mp3 */; };
		6A118C2B1DECA3EB0012DA62 /* yellow.mp3 in Resources */ = {isa = PBXBuildFile; fileRef = 6A118C0A1DECA3EB0012DA62 /* yellow.mp3 */; };
		6A118C2D1DECA3F60012DA62 /* vermell.mp3 in Resources */ = {isa = PBXBuildFile; fileRef = 6A118C2C1DECA3F60012DA62 /* vermell.mp3 */; };
		6A1A8CF71DE7534B00E6193D /* ViewBathroomViewController.swift in Sources */ = {isa = PBXBuildFile; fileRef = 6A1A8CF61DE7534B00E6193D /* ViewBathroomViewController.swift */; };
/* End PBXBuildFile section */

/* Begin PBXContainerItemProxy section */
		6A0E4ECE1DE33BE5005C9888 /* PBXContainerItemProxy */ = {
			isa = PBXContainerItemProxy;
			containerPortal = 6A0E4EB11DE33BE4005C9888 /* Project object */;
			proxyType = 1;
			remoteGlobalIDString = 6A0E4EB81DE33BE4005C9888;
			remoteInfo = Dylan;
		};
		6A0E4ED91DE33BE5005C9888 /* PBXContainerItemProxy */ = {
			isa = PBXContainerItemProxy;
			containerPortal = 6A0E4EB11DE33BE4005C9888 /* Project object */;
			proxyType = 1;
			remoteGlobalIDString = 6A0E4EB81DE33BE4005C9888;
			remoteInfo = Dylan;
		};
/* End PBXContainerItemProxy section */

/* Begin PBXFileReference section */
		6A0E4EB91DE33BE5005C9888 /* Dylan.app */ = {isa = PBXFileReference; explicitFileType = wrapper.application; includeInIndex = 0; path = Dylan.app; sourceTree = BUILT_PRODUCTS_DIR; };
		6A0E4EBC1DE33BE5005C9888 /* AppDelegate.swift */ = {isa = PBXFileReference; lastKnownFileType = sourcecode.swift; path = AppDelegate.swift; sourceTree = "<group>"; };
		6A0E4EBE1DE33BE5005C9888 /* ViewController.swift */ = {isa = PBXFileReference; lastKnownFileType = sourcecode.swift; path = ViewController.swift; sourceTree = "<group>"; };
		6A0E4EC11DE33BE5005C9888 /* Base */ = {isa = PBXFileReference; lastKnownFileType = file.storyboard; name = Base; path = Base.lproj/Main.storyboard; sourceTree = "<group>"; };
		6A0E4EC31DE33BE5005C9888 /* Assets.xcassets */ = {isa = PBXFileReference; lastKnownFileType = folder.assetcatalog; path = Assets.xcassets; sourceTree = "<group>"; };
		6A0E4EC61DE33BE5005C9888 /* Base */ = {isa = PBXFileReference; lastKnownFileType = file.storyboard; name = Base; path = Base.lproj/LaunchScreen.storyboard; sourceTree = "<group>"; };
		6A0E4EC81DE33BE5005C9888 /* Info.plist */ = {isa = PBXFileReference; lastKnownFileType = text.plist.xml; path = Info.plist; sourceTree = "<group>"; };
		6A0E4ECD1DE33BE5005C9888 /* DylanTests.xctest */ = {isa = PBXFileReference; explicitFileType = wrapper.cfbundle; includeInIndex = 0; path = DylanTests.xctest; sourceTree = BUILT_PRODUCTS_DIR; };
		6A0E4ED11DE33BE5005C9888 /* DylanTests.swift */ = {isa = PBXFileReference; lastKnownFileType = sourcecode.swift; path = DylanTests.swift; sourceTree = "<group>"; };
		6A0E4ED31DE33BE5005C9888 /* Info.plist */ = {isa = PBXFileReference; lastKnownFileType = text.plist.xml; path = Info.plist; sourceTree = "<group>"; };
		6A0E4ED81DE33BE5005C9888 /* DylanUITests.xctest */ = {isa = PBXFileReference; explicitFileType = wrapper.cfbundle; includeInIndex = 0; path = DylanUITests.xctest; sourceTree = BUILT_PRODUCTS_DIR; };
		6A0E4EDC1DE33BE5005C9888 /* DylanUITests.swift */ = {isa = PBXFileReference; lastKnownFileType = sourcecode.swift; path = DylanUITests.swift; sourceTree = "<group>"; };
		6A0E4EDE1DE33BE5005C9888 /* Info.plist */ = {isa = PBXFileReference; lastKnownFileType = text.plist.xml; path = Info.plist; sourceTree = "<group>"; };
		6A118BEA1DECA3EB0012DA62 /* autobus.mp3 */ = {isa = PBXFileReference; lastKnownFileType = audio.mp3; name = autobus.mp3; path = "../../../../Documents/Dylan Assets/sounds/autobus.mp3"; sourceTree = "<group>"; };
		6A118BEB1DECA3EB0012DA62 /* blau.mp3 */ = {isa = PBXFileReference; lastKnownFileType = audio.mp3; name = blau.mp3; path = "../../../../Documents/Dylan Assets/sounds/blau.mp3"; sourceTree = "<group>"; };
		6A118BEC1DECA3EB0012DA62 /* boat.mp3 */ = {isa = PBXFileReference; lastKnownFileType = audio.mp3; name = boat.mp3; path = "../../../../Documents/Dylan Assets/sounds/boat.mp3"; sourceTree = "<group>"; };
		6A118BED1DECA3EB0012DA62 /* bombers.mp3 */ = {isa = PBXFileReference; lastKnownFileType = audio.mp3; name = bombers.mp3; path = "../../../../Documents/Dylan Assets/sounds/bombers.mp3"; sourceTree = "<group>"; };
		6A118BEE1DECA3EB0012DA62 /* bus.mp3 */ = {isa = PBXFileReference; lastKnownFileType = audio.mp3; name = bus.mp3; path = "../../../../Documents/Dylan Assets/sounds/bus.mp3"; sourceTree = "<group>"; };
		6A118BEF1DECA3EB0012DA62 /* camio.mp3 */ = {isa = PBXFileReference; lastKnownFileType = audio.mp3; name = camio.mp3; path = "../../../../Documents/Dylan Assets/sounds/camio.mp3"; sourceTree = "<group>"; };
		6A118BF01DECA3EB0012DA62 /* car.mp3 */ = {isa = PBXFileReference; lastKnownFileType = audio.mp3; name = car.mp3; path = "../../../../Documents/Dylan Assets/sounds/car.mp3"; sourceTree = "<group>"; };
		6A118BF11DECA3EB0012DA62 /* cotxe.mp3 */ = {isa = PBXFileReference; lastKnownFileType = audio.mp3; name = cotxe.mp3; path = "../../../../Documents/Dylan Assets/sounds/cotxe.mp3"; sourceTree = "<group>"; };
		6A118BF21DECA3EB0012DA62 /* digger.mp3 */ = {isa = PBXFileReference; lastKnownFileType = audio.mp3; name = digger.mp3; path = "../../../../Documents/Dylan Assets/sounds/digger.mp3"; sourceTree = "<group>"; };
		6A118BF31DECA3EB0012DA62 /* excavadora.mp3 */ = {isa = PBXFileReference; lastKnownFileType = audio.mp3; name = excavadora.mp3; path = "../../../../Documents/Dylan Assets/sounds/excavadora.mp3"; sourceTree = "<group>"; };
		6A118BF41DECA3EB0012DA62 /* fire engine.mp3 */ = {isa = PBXFileReference; lastKnownFileType = audio.mp3; name = "fire engine.mp3"; path = "../../../../Documents/Dylan Assets/sounds/fire engine.mp3"; sourceTree = "<group>"; };
		6A118BF51DECA3EB0012DA62 /* good.mp3 */ = {isa = PBXFileReference; lastKnownFileType = audio.mp3; name = good.mp3; path = "../../../../Documents/Dylan Assets/sounds/good.mp3"; sourceTree = "<group>"; };
		6A118BF61DECA3EB0012DA62 /* green.mp3 */ = {isa = PBXFileReference; lastKnownFileType = audio.mp3; name = green.mp3; path = "../../../../Documents/Dylan Assets/sounds/green.mp3"; sourceTree = "<group>"; };
		6A118BF71DECA3EB0012DA62 /* groc.mp3 */ = {isa = PBXFileReference; lastKnownFileType = audio.mp3; name = groc.mp3; path = "../../../../Documents/Dylan Assets/sounds/groc.mp3"; sourceTree = "<group>"; };
		6A118BF81DECA3EB0012DA62 /* lila.mp3 */ = {isa = PBXFileReference; lastKnownFileType = audio.mp3; name = lila.mp3; path = "../../../../Documents/Dylan Assets/sounds/lila.mp3"; sourceTree = "<group>"; };
		6A118BF91DECA3EB0012DA62 /* mama.mp3 */ = {isa = PBXFileReference; lastKnownFileType = audio.mp3; name = mama.mp3; path = "../../../../Documents/Dylan Assets/sounds/mama.mp3"; sourceTree = "<group>"; };
		6A118BFA1DECA3EB0012DA62 /* nana.mp3 */ = {isa = PBXFileReference; lastKnownFileType = audio.mp3; name = nana.mp3; path = "../../../../Documents/Dylan Assets/sounds/nana.mp3"; sourceTree = "<group>"; };
		6A118BFB1DECA3EB0012DA62 /* orange.mp3 */ = {isa = PBXFileReference; lastKnownFileType = audio.mp3; name = orange.mp3; path = "../../../../Documents/Dylan Assets/sounds/orange.mp3"; sourceTree = "<group>"; };
		6A118BFC1DECA3EB0012DA62 /* papa.mp3 */ = {isa = PBXFileReference; lastKnownFileType = audio.mp3; name = papa.mp3; path = "../../../../Documents/Dylan Assets/sounds/papa.mp3"; sourceTree = "<group>"; };
		6A118BFD1DECA3EB0012DA62 /* police car.mp3 */ = {isa = PBXFileReference; lastKnownFileType = audio.mp3; name = "police car.mp3"; path = "../../../../Documents/Dylan Assets/sounds/police car.mp3"; sourceTree = "<group>"; };
		6A118BFE1DECA3EB0012DA62 /* policia.mp3 */ = {isa = PBXFileReference; lastKnownFileType = audio.mp3; name = policia.mp3; path = "../../../../Documents/Dylan Assets/sounds/policia.mp3"; sourceTree = "<group>"; };
		6A118BFF1DECA3EB0012DA62 /* purple.mp3 */ = {isa = PBXFileReference; lastKnownFileType = audio.mp3; name = purple.mp3; path = "../../../../Documents/Dylan Assets/sounds/purple.mp3"; sourceTree = "<group>"; };
		6A118C001DECA3EB0012DA62 /* taronja.mp3 */ = {isa = PBXFileReference; lastKnownFileType = audio.mp3; name = taronja.mp3; path = "../../../../Documents/Dylan Assets/sounds/taronja.mp3"; sourceTree = "<group>"; };
		6A118C011DECA3EB0012DA62 /* tiet.mp3 */ = {isa = PBXFileReference; lastKnownFileType = audio.mp3; name = tiet.mp3; path = "../../../../Documents/Dylan Assets/sounds/tiet.mp3"; sourceTree = "<group>"; };
		6A118C021DECA3EB0012DA62 /* tractor_catalan.mp3 */ = {isa = PBXFileReference; lastKnownFileType = audio.mp3; name = tractor_catalan.mp3; path = "../../../../Documents/Dylan Assets/sounds/tractor_catalan.mp3"; sourceTree = "<group>"; };
		6A118C031DECA3EB0012DA62 /* tractor.mp3 */ = {isa = PBXFileReference; lastKnownFileType = audio.mp3; name = tractor.mp3; path = "../../../../Documents/Dylan Assets/sounds/tractor.mp3"; sourceTree = "<group>"; };
		6A118C041DECA3EB0012DA62 /* truck.mp3 */ = {isa = PBXFileReference; lastKnownFileType = audio.mp3; name = truck.mp3; path = "../../../../Documents/Dylan Assets/sounds/truck.mp3"; sourceTree = "<group>"; };
		6A118C051DECA3EB0012DA62 /* uncle.mp3 */ = {isa = PBXFileReference; lastKnownFileType = audio.mp3; name = uncle.mp3; path = "../../../../Documents/Dylan Assets/sounds/uncle.mp3"; sourceTree = "<group>"; };
		6A118C061DECA3EB0012DA62 /* vaixell.mp3 */ = {isa = PBXFileReference; lastKnownFileType = audio.mp3; name = vaixell.mp3; path = "../../../../Documents/Dylan Assets/sounds/vaixell.mp3"; sourceTree = "<group>"; };
		6A118C071DECA3EB0012DA62 /* verd.mp3 */ = {isa = PBXFileReference; lastKnownFileType = audio.mp3; name = verd.mp3; path = "../../../../Documents/Dylan Assets/sounds/verd.mp3"; sourceTree = "<group>"; };
		6A118C081DECA3EB0012DA62 /* yaya.mp3 */ = {isa = PBXFileReference; lastKnownFileType = audio.mp3; name = yaya.mp3; path = "../../../../Documents/Dylan Assets/sounds/yaya.mp3"; sourceTree = "<group>"; };
		6A118C091DECA3EB0012DA62 /* yayo.mp3 */ = {isa = PBXFileReference; lastKnownFileType = audio.mp3; name = yayo.mp3; path = "../../../../Documents/Dylan Assets/sounds/yayo.mp3"; sourceTree = "<group>"; };
		6A118C0A1DECA3EB0012DA62 /* yellow.mp3 */ = {isa = PBXFileReference; lastKnownFileType = audio.mp3; name = yellow.mp3; path = "../../../../Documents/Dylan Assets/sounds/yellow.mp3"; sourceTree = "<group>"; };
		6A118C2C1DECA3F60012DA62 /* vermell.mp3 */ = {isa = PBXFileReference; lastKnownFileType = audio.mp3; name = vermell.mp3; path = ../../../vermell.mp3; sourceTree = "<group>"; };
		6A1A8CF61DE7534B00E6193D /* ViewBathroomViewController.swift */ = {isa = PBXFileReference; fileEncoding = 4; lastKnownFileType = sourcecode.swift; name = ViewBathroomViewController.swift; path = ../ViewBathroomViewController.swift; sourceTree = "<group>"; };
/* End PBXFileReference section */

/* Begin PBXFrameworksBuildPhase section */
		6A0E4EB61DE33BE4005C9888 /* Frameworks */ = {
			isa = PBXFrameworksBuildPhase;
			buildActionMask = 2147483647;
			files = (
			);
			runOnlyForDeploymentPostprocessing = 0;
		};
		6A0E4ECA1DE33BE5005C9888 /* Frameworks */ = {
			isa = PBXFrameworksBuildPhase;
			buildActionMask = 2147483647;
			files = (
			);
			runOnlyForDeploymentPostprocessing = 0;
		};
		6A0E4ED51DE33BE5005C9888 /* Frameworks */ = {
			isa = PBXFrameworksBuildPhase;
			buildActionMask = 2147483647;
			files = (
			);
			runOnlyForDeploymentPostprocessing = 0;
		};
/* End PBXFrameworksBuildPhase section */

/* Begin PBXGroup section */
		6A0E4EB01DE33BE4005C9888 = {
			isa = PBXGroup;
			children = (
				6A118BEA1DECA3EB0012DA62 /* autobus.mp3 */,
				6A118BEB1DECA3EB0012DA62 /* blau.mp3 */,
				6A118C2C1DECA3F60012DA62 /* vermell.mp3 */,
				6A118BEC1DECA3EB0012DA62 /* boat.mp3 */,
				6A118BED1DECA3EB0012DA62 /* bombers.mp3 */,
				6A118BEE1DECA3EB0012DA62 /* bus.mp3 */,
				6A118BEF1DECA3EB0012DA62 /* camio.mp3 */,
				6A118BF01DECA3EB0012DA62 /* car.mp3 */,
				6A118BF11DECA3EB0012DA62 /* cotxe.mp3 */,
				6A118BF21DECA3EB0012DA62 /* digger.mp3 */,
				6A118BF31DECA3EB0012DA62 /* excavadora.mp3 */,
				6A118BF41DECA3EB0012DA62 /* fire engine.mp3 */,
				6A118BF51DECA3EB0012DA62 /* good.mp3 */,
				6A118BF61DECA3EB0012DA62 /* green.mp3 */,
				6A118BF71DECA3EB0012DA62 /* groc.mp3 */,
				6A118BF81DECA3EB0012DA62 /* lila.mp3 */,
				6A118BF91DECA3EB0012DA62 /* mama.mp3 */,
				6A118BFA1DECA3EB0012DA62 /* nana.mp3 */,
				6A118BFB1DECA3EB0012DA62 /* orange.mp3 */,
				6A118BFC1DECA3EB0012DA62 /* papa.mp3 */,
				6A118BFD1DECA3EB0012DA62 /* police car.mp3 */,
				6A118BFE1DECA3EB0012DA62 /* policia.mp3 */,
				6A118BFF1DECA3EB0012DA62 /* purple.mp3 */,
				6A118C001DECA3EB0012DA62 /* taronja.mp3 */,
				6A118C011DECA3EB0012DA62 /* tiet.mp3 */,
				6A118C021DECA3EB0012DA62 /* tractor_catalan.mp3 */,
				6A118C031DECA3EB0012DA62 /* tractor.mp3 */,
				6A118C041DECA3EB0012DA62 /* truck.mp3 */,
				6A118C051DECA3EB0012DA62 /* uncle.mp3 */,
				6A118C061DECA3EB0012DA62 /* vaixell.mp3 */,
				6A118C071DECA3EB0012DA62 /* verd.mp3 */,
				6A118C081DECA3EB0012DA62 /* yaya.mp3 */,
				6A118C091DECA3EB0012DA62 /* yayo.mp3 */,
				6A118C0A1DECA3EB0012DA62 /* yellow.mp3 */,
				6A0E4EBB1DE33BE5005C9888 /* Dylan */,
				6A0E4ED01DE33BE5005C9888 /* DylanTests */,
				6A0E4EDB1DE33BE5005C9888 /* DylanUITests */,
				6A0E4EBA1DE33BE5005C9888 /* Products */,
			);
			sourceTree = "<group>";
		};
		6A0E4EBA1DE33BE5005C9888 /* Products */ = {
			isa = PBXGroup;
			children = (
				6A0E4EB91DE33BE5005C9888 /* Dylan.app */,
				6A0E4ECD1DE33BE5005C9888 /* DylanTests.xctest */,
				6A0E4ED81DE33BE5005C9888 /* DylanUITests.xctest */,
			);
			name = Products;
			sourceTree = "<group>";
		};
		6A0E4EBB1DE33BE5005C9888 /* Dylan */ = {
			isa = PBXGroup;
			children = (
				6A1A8CF61DE7534B00E6193D /* ViewBathroomViewController.swift */,
				6A0E4EBC1DE33BE5005C9888 /* AppDelegate.swift */,
				6A0E4EBE1DE33BE5005C9888 /* ViewController.swift */,
				6A0E4EC01DE33BE5005C9888 /* Main.storyboard */,
				6A0E4EC31DE33BE5005C9888 /* Assets.xcassets */,
				6A0E4EC51DE33BE5005C9888 /* LaunchScreen.storyboard */,
				6A0E4EC81DE33BE5005C9888 /* Info.plist */,
			);
			path = Dylan;
			sourceTree = "<group>";
		};
		6A0E4ED01DE33BE5005C9888 /* DylanTests */ = {
			isa = PBXGroup;
			children = (
				6A0E4ED11DE33BE5005C9888 /* DylanTests.swift */,
				6A0E4ED31DE33BE5005C9888 /* Info.plist */,
			);
			path = DylanTests;
			sourceTree = "<group>";
		};
		6A0E4EDB1DE33BE5005C9888 /* DylanUITests */ = {
			isa = PBXGroup;
			children = (
				6A0E4EDC1DE33BE5005C9888 /* DylanUITests.swift */,
				6A0E4EDE1DE33BE5005C9888 /* Info.plist */,
			);
			path = DylanUITests;
			sourceTree = "<group>";
		};
/* End PBXGroup section */

/* Begin PBXNativeTarget section */
		6A0E4EB81DE33BE4005C9888 /* Dylan */ = {
			isa = PBXNativeTarget;
			buildConfigurationList = 6A0E4EE11DE33BE5005C9888 /* Build configuration list for PBXNativeTarget "Dylan" */;
			buildPhases = (
				6A0E4EB51DE33BE4005C9888 /* Sources */,
				6A0E4EB61DE33BE4005C9888 /* Frameworks */,
				6A0E4EB71DE33BE4005C9888 /* Resources */,
			);
			buildRules = (
			);
			dependencies = (
			);
			name = Dylan;
			productName = Dylan;
			productReference = 6A0E4EB91DE33BE5005C9888 /* Dylan.app */;
			productType = "com.apple.product-type.application";
		};
		6A0E4ECC1DE33BE5005C9888 /* DylanTests */ = {
			isa = PBXNativeTarget;
			buildConfigurationList = 6A0E4EE41DE33BE5005C9888 /* Build configuration list for PBXNativeTarget "DylanTests" */;
			buildPhases = (
				6A0E4EC91DE33BE5005C9888 /* Sources */,
				6A0E4ECA1DE33BE5005C9888 /* Frameworks */,
				6A0E4ECB1DE33BE5005C9888 /* Resources */,
			);
			buildRules = (
			);
			dependencies = (
				6A0E4ECF1DE33BE5005C9888 /* PBXTargetDependency */,
			);
			name = DylanTests;
			productName = DylanTests;
			productReference = 6A0E4ECD1DE33BE5005C9888 /* DylanTests.xctest */;
			productType = "com.apple.product-type.bundle.unit-test";
		};
		6A0E4ED71DE33BE5005C9888 /* DylanUITests */ = {
			isa = PBXNativeTarget;
			buildConfigurationList = 6A0E4EE71DE33BE5005C9888 /* Build configuration list for PBXNativeTarget "DylanUITests" */;
			buildPhases = (
				6A0E4ED41DE33BE5005C9888 /* Sources */,
				6A0E4ED51DE33BE5005C9888 /* Frameworks */,
				6A0E4ED61DE33BE5005C9888 /* Resources */,
			);
			buildRules = (
			);
			dependencies = (
				6A0E4EDA1DE33BE5005C9888 /* PBXTargetDependency */,
			);
			name = DylanUITests;
			productName = DylanUITests;
			productReference = 6A0E4ED81DE33BE5005C9888 /* DylanUITests.xctest */;
			productType = "com.apple.product-type.bundle.ui-testing";
		};
/* End PBXNativeTarget section */

/* Begin PBXProject section */
		6A0E4EB11DE33BE4005C9888 /* Project object */ = {
			isa = PBXProject;
			attributes = {
				LastSwiftUpdateCheck = 0810;
				LastUpgradeCheck = 0810;
				ORGANIZATIONNAME = "steve personal";
				TargetAttributes = {
					6A0E4EB81DE33BE4005C9888 = {
						CreatedOnToolsVersion = 8.1;
						DevelopmentTeam = BR4AEWE92V;
						ProvisioningStyle = Automatic;
					};
					6A0E4ECC1DE33BE5005C9888 = {
						CreatedOnToolsVersion = 8.1;
						DevelopmentTeam = BR4AEWE92V;
						ProvisioningStyle = Automatic;
						TestTargetID = 6A0E4EB81DE33BE4005C9888;
					};
					6A0E4ED71DE33BE5005C9888 = {
						CreatedOnToolsVersion = 8.1;
						DevelopmentTeam = BR4AEWE92V;
						ProvisioningStyle = Automatic;
						TestTargetID = 6A0E4EB81DE33BE4005C9888;
					};
				};
			};
			buildConfigurationList = 6A0E4EB41DE33BE4005C9888 /* Build configuration list for PBXProject "Dylan" */;
			compatibilityVersion = "Xcode 3.2";
			developmentRegion = English;
			hasScannedForEncodings = 0;
			knownRegions = (
				en,
				Base,
			);
			mainGroup = 6A0E4EB01DE33BE4005C9888;
			productRefGroup = 6A0E4EBA1DE33BE5005C9888 /* Products */;
			projectDirPath = "";
			projectRoot = "";
			targets = (
				6A0E4EB81DE33BE4005C9888 /* Dylan */,
				6A0E4ECC1DE33BE5005C9888 /* DylanTests */,
				6A0E4ED71DE33BE5005C9888 /* DylanUITests */,
			);
		};
/* End PBXProject section */

/* Begin PBXResourcesBuildPhase section */
		6A0E4EB71DE33BE4005C9888 /* Resources */ = {
			isa = PBXResourcesBuildPhase;
			buildActionMask = 2147483647;
			files = (
				6A118C0B1DECA3EB0012DA62 /* autobus.mp3 in Resources */,
				6A118C121DECA3EB0012DA62 /* cotxe.mp3 in Resources */,
				6A118C2D1DECA3F60012DA62 /* vermell.mp3 in Resources */,
				6A118C281DECA3EB0012DA62 /* verd.mp3 in Resources */,
				6A118C251DECA3EB0012DA62 /* truck.mp3 in Resources */,
				6A118C1E1DECA3EB0012DA62 /* police car.mp3 in Resources */,
				6A118C191DECA3EB0012DA62 /* lila.mp3 in Resources */,
				6A118C141DECA3EB0012DA62 /* excavadora.mp3 in Resources */,
				6A118C151DECA3EB0012DA62 /* fire engine.mp3 in Resources */,
				6A118C1C1DECA3EB0012DA62 /* orange.mp3 in Resources */,
				6A118C231DECA3EB0012DA62 /* tractor_catalan.mp3 in Resources */,
				6A118C0C1DECA3EB0012DA62 /* blau.mp3 in Resources */,
				6A118C0D1DECA3EB0012DA62 /* boat.mp3 in Resources */,
				6A118BE71DEC97340012DA62 /* Assets.xcassets in Resources */,
				6A118C1F1DECA3EB0012DA62 /* policia.mp3 in Resources */,
				6A0E4EC71DE33BE5005C9888 /* LaunchScreen.storyboard in Resources */,
				6A118C241DECA3EB0012DA62 /* tractor.mp3 in Resources */,
				6A118C201DECA3EB0012DA62 /* purple.mp3 in Resources */,
				6A118C171DECA3EB0012DA62 /* green.mp3 in Resources */,
				6A118C211DECA3EB0012DA62 /* taronja.mp3 in Resources */,
				6A118C131DECA3EB0012DA62 /* digger.mp3 in Resources */,
				6A118C1D1DECA3EB0012DA62 /* papa.mp3 in Resources */,
				6A118C2A1DECA3EB0012DA62 /* yayo.mp3 in Resources */,
				6A118C0E1DECA3EB0012DA62 /* bombers.mp3 in Resources */,
				6A0E4EC21DE33BE5005C9888 /* Main.storyboard in Resources */,
				6A118C161DECA3EB0012DA62 /* good.mp3 in Resources */,
				6A118C221DECA3EB0012DA62 /* tiet.mp3 in Resources */,
				6A118C111DECA3EB0012DA62 /* car.mp3 in Resources */,
				6A118C101DECA3EB0012DA62 /* camio.mp3 in Resources */,
				6A118C2B1DECA3EB0012DA62 /* yellow.mp3 in Resources */,
				6A118C1B1DECA3EB0012DA62 /* nana.mp3 in Resources */,
				6A118C181DECA3EB0012DA62 /* groc.mp3 in Resources */,
				6A118C261DECA3EB0012DA62 /* uncle.mp3 in Resources */,
				6A118C291DECA3EB0012DA62 /* yaya.mp3 in Resources */,
				6A118C1A1DECA3EB0012DA62 /* mama.mp3 in Resources */,
				6A118C271DECA3EB0012DA62 /* vaixell.mp3 in Resources */,
				6A118C0F1DECA3EB0012DA62 /* bus.mp3 in Resources */,
			);
			runOnlyForDeploymentPostprocessing = 0;
		};
		6A0E4ECB1DE33BE5005C9888 /* Resources */ = {
			isa = PBXResourcesBuildPhase;
			buildActionMask = 2147483647;
			files = (
			);
			runOnlyForDeploymentPostprocessing = 0;
		};
		6A0E4ED61DE33BE5005C9888 /* Resources */ = {
			isa = PBXResourcesBuildPhase;
			buildActionMask = 2147483647;
			files = (
			);
			runOnlyForDeploymentPostprocessing = 0;
		};
/* End PBXResourcesBuildPhase section */

/* Begin PBXSourcesBuildPhase section */
		6A0E4EB51DE33BE4005C9888 /* Sources */ = {
			isa = PBXSourcesBuildPhase;
			buildActionMask = 2147483647;
			files = (
				6A0E4EBF1DE33BE5005C9888 /* ViewController.swift in Sources */,
				6A1A8CF71DE7534B00E6193D /* ViewBathroomViewController.swift in Sources */,
				6A0E4EBD1DE33BE5005C9888 /* AppDelegate.swift in Sources */,
			);
			runOnlyForDeploymentPostprocessing = 0;
		};
		6A0E4EC91DE33BE5005C9888 /* Sources */ = {
			isa = PBXSourcesBuildPhase;
			buildActionMask = 2147483647;
			files = (
				6A0E4ED21DE33BE5005C9888 /* DylanTests.swift in Sources */,
			);
			runOnlyForDeploymentPostprocessing = 0;
		};
		6A0E4ED41DE33BE5005C9888 /* Sources */ = {
			isa = PBXSourcesBuildPhase;
			buildActionMask = 2147483647;
			files = (
				6A0E4EDD1DE33BE5005C9888 /* DylanUITests.swift in Sources */,
			);
			runOnlyForDeploymentPostprocessing = 0;
		};
/* End PBXSourcesBuildPhase section */

/* Begin PBXTargetDependency section */
		6A0E4ECF1DE33BE5005C9888 /* PBXTargetDependency */ = {
			isa = PBXTargetDependency;
			target = 6A0E4EB81DE33BE4005C9888 /* Dylan */;
			targetProxy = 6A0E4ECE1DE33BE5005C9888 /* PBXContainerItemProxy */;
		};
		6A0E4EDA1DE33BE5005C9888 /* PBXTargetDependency */ = {
			isa = PBXTargetDependency;
			target = 6A0E4EB81DE33BE4005C9888 /* Dylan */;
			targetProxy = 6A0E4ED91DE33BE5005C9888 /* PBXContainerItemProxy */;
		};
/* End PBXTargetDependency section */

/* Begin PBXVariantGroup section */
		6A0E4EC01DE33BE5005C9888 /* Main.storyboard */ = {
			isa = PBXVariantGroup;
			children = (
				6A0E4EC11DE33BE5005C9888 /* Base */,
			);
			name = Main.storyboard;
			sourceTree = "<group>";
		};
		6A0E4EC51DE33BE5005C9888 /* LaunchScreen.storyboard */ = {
			isa = PBXVariantGroup;
			children = (
				6A0E4EC61DE33BE5005C9888 /* Base */,
			);
			name = LaunchScreen.storyboard;
			sourceTree = "<group>";
		};
/* End PBXVariantGroup section */

/* Begin XCBuildConfiguration section */
		6A0E4EDF1DE33BE5005C9888 /* Debug */ = {
			isa = XCBuildConfiguration;
			buildSettings = {
				ALWAYS_SEARCH_USER_PATHS = NO;
				CLANG_ANALYZER_NONNULL = YES;
				CLANG_CXX_LANGUAGE_STANDARD = "gnu++0x";
				CLANG_CXX_LIBRARY = "libc++";
				CLANG_ENABLE_MODULES = YES;
				CLANG_ENABLE_OBJC_ARC = YES;
				CLANG_WARN_BOOL_CONVERSION = YES;
				CLANG_WARN_CONSTANT_CONVERSION = YES;
				CLANG_WARN_DIRECT_OBJC_ISA_USAGE = YES_ERROR;
				CLANG_WARN_DOCUMENTATION_COMMENTS = YES;
				CLANG_WARN_EMPTY_BODY = YES;
				CLANG_WARN_ENUM_CONVERSION = YES;
				CLANG_WARN_INFINITE_RECURSION = YES;
				CLANG_WARN_INT_CONVERSION = YES;
				CLANG_WARN_OBJC_ROOT_CLASS = YES_ERROR;
				CLANG_WARN_SUSPICIOUS_MOVES = YES;
				CLANG_WARN_UNREACHABLE_CODE = YES;
				CLANG_WARN__DUPLICATE_METHOD_MATCH = YES;
				"CODE_SIGN_IDENTITY[sdk=iphoneos*]" = "iPhone Developer";
				COPY_PHASE_STRIP = NO;
				DEBUG_INFORMATION_FORMAT = dwarf;
				ENABLE_STRICT_OBJC_MSGSEND = YES;
				ENABLE_TESTABILITY = YES;
				GCC_C_LANGUAGE_STANDARD = gnu99;
				GCC_DYNAMIC_NO_PIC = NO;
				GCC_NO_COMMON_BLOCKS = YES;
				GCC_OPTIMIZATION_LEVEL = 0;
				GCC_PREPROCESSOR_DEFINITIONS = (
					"DEBUG=1",
					"$(inherited)",
				);
				GCC_WARN_64_TO_32_BIT_CONVERSION = YES;
				GCC_WARN_ABOUT_RETURN_TYPE = YES_ERROR;
				GCC_WARN_UNDECLARED_SELECTOR = YES;
				GCC_WARN_UNINITIALIZED_AUTOS = YES_AGGRESSIVE;
				GCC_WARN_UNUSED_FUNCTION = YES;
				GCC_WARN_UNUSED_VARIABLE = YES;
				IPHONEOS_DEPLOYMENT_TARGET = 10.1;
				MTL_ENABLE_DEBUG_INFO = YES;
				ONLY_ACTIVE_ARCH = YES;
				SDKROOT = iphoneos;
				SWIFT_ACTIVE_COMPILATION_CONDITIONS = DEBUG;
				SWIFT_OPTIMIZATION_LEVEL = "-Onone";
				TARGETED_DEVICE_FAMILY = 2;
			};
			name = Debug;
		};
		6A0E4EE01DE33BE5005C9888 /* Release */ = {
			isa = XCBuildConfiguration;
			buildSettings = {
				ALWAYS_SEARCH_USER_PATHS = NO;
				CLANG_ANALYZER_NONNULL = YES;
				CLANG_CXX_LANGUAGE_STANDARD = "gnu++0x";
				CLANG_CXX_LIBRARY = "libc++";
				CLANG_ENABLE_MODULES = YES;
				CLANG_ENABLE_OBJC_ARC = YES;
				CLANG_WARN_BOOL_CONVERSION = YES;
				CLANG_WARN_CONSTANT_CONVERSION = YES;
				CLANG_WARN_DIRECT_OBJC_ISA_USAGE = YES_ERROR;
				CLANG_WARN_DOCUMENTATION_COMMENTS = YES;
				CLANG_WARN_EMPTY_BODY = YES;
				CLANG_WARN_ENUM_CONVERSION = YES;
				CLANG_WARN_INFINITE_RECURSION = YES;
				CLANG_WARN_INT_CONVERSION = YES;
				CLANG_WARN_OBJC_ROOT_CLASS = YES_ERROR;
				CLANG_WARN_SUSPICIOUS_MOVES = YES;
				CLANG_WARN_UNREACHABLE_CODE = YES;
				CLANG_WARN__DUPLICATE_METHOD_MATCH = YES;
				"CODE_SIGN_IDENTITY[sdk=iphoneos*]" = "iPhone Developer";
				COPY_PHASE_STRIP = NO;
				DEBUG_INFORMATION_FORMAT = "dwarf-with-dsym";
				ENABLE_NS_ASSERTIONS = NO;
				ENABLE_STRICT_OBJC_MSGSEND = YES;
				GCC_C_LANGUAGE_STANDARD = gnu99;
				GCC_NO_COMMON_BLOCKS = YES;
				GCC_WARN_64_TO_32_BIT_CONVERSION = YES;
				GCC_WARN_ABOUT_RETURN_TYPE = YES_ERROR;
				GCC_WARN_UNDECLARED_SELECTOR = YES;
				GCC_WARN_UNINITIALIZED_AUTOS = YES_AGGRESSIVE;
				GCC_WARN_UNUSED_FUNCTION = YES;
				GCC_WARN_UNUSED_VARIABLE = YES;
				IPHONEOS_DEPLOYMENT_TARGET = 10.1;
				MTL_ENABLE_DEBUG_INFO = NO;
				SDKROOT = iphoneos;
				SWIFT_OPTIMIZATION_LEVEL = "-Owholemodule";
				TARGETED_DEVICE_FAMILY = 2;
				VALIDATE_PRODUCT = YES;
			};
			name = Release;
		};
		6A0E4EE21DE33BE5005C9888 /* Debug */ = {
			isa = XCBuildConfiguration;
			buildSettings = {
				ASSETCATALOG_COMPILER_APPICON_NAME = AppIcon;
				DEVELOPMENT_TEAM = BR4AEWE92V;
				INFOPLIST_FILE = Dylan/Info.plist;
				LD_RUNPATH_SEARCH_PATHS = "$(inherited) @executable_path/Frameworks";
				PRODUCT_BUNDLE_IDENTIFIER = stevelewins.Dylan;
				PRODUCT_NAME = "$(TARGET_NAME)";
				SWIFT_VERSION = 3.0;
			};
			name = Debug;
		};
		6A0E4EE31DE33BE5005C9888 /* Release */ = {
			isa = XCBuildConfiguration;
			buildSettings = {
				ASSETCATALOG_COMPILER_APPICON_NAME = AppIcon;
				DEVELOPMENT_TEAM = BR4AEWE92V;
				INFOPLIST_FILE = Dylan/Info.plist;
				LD_RUNPATH_SEARCH_PATHS = "$(inherited) @executable_path/Frameworks";
				PRODUCT_BUNDLE_IDENTIFIER = stevelewins.Dylan;
				PRODUCT_NAME = "$(TARGET_NAME)";
				SWIFT_VERSION = 3.0;
			};
			name = Release;
		};
		6A0E4EE51DE33BE5005C9888 /* Debug */ = {
			isa = XCBuildConfiguration;
			buildSettings = {
				ALWAYS_EMBED_SWIFT_STANDARD_LIBRARIES = YES;
				BUNDLE_LOADER = "$(TEST_HOST)";
				DEVELOPMENT_TEAM = BR4AEWE92V;
				INFOPLIST_FILE = DylanTests/Info.plist;
				LD_RUNPATH_SEARCH_PATHS = "$(inherited) @executable_path/Frameworks @loader_path/Frameworks";
				PRODUCT_BUNDLE_IDENTIFIER = stevelewins.DylanTests;
				PRODUCT_NAME = "$(TARGET_NAME)";
				SWIFT_VERSION = 3.0;
				TEST_HOST = "$(BUILT_PRODUCTS_DIR)/Dylan.app/Dylan";
			};
			name = Debug;
		};
		6A0E4EE61DE33BE5005C9888 /* Release */ = {
			isa = XCBuildConfiguration;
			buildSettings = {
				ALWAYS_EMBED_SWIFT_STANDARD_LIBRARIES = YES;
				BUNDLE_LOADER = "$(TEST_HOST)";
				DEVELOPMENT_TEAM = BR4AEWE92V;
				INFOPLIST_FILE = DylanTests/Info.plist;
				LD_RUNPATH_SEARCH_PATHS = "$(inherited) @executable_path/Frameworks @loader_path/Frameworks";
				PRODUCT_BUNDLE_IDENTIFIER = stevelewins.DylanTests;
				PRODUCT_NAME = "$(TARGET_NAME)";
				SWIFT_VERSION = 3.0;
				TEST_HOST = "$(BUILT_PRODUCTS_DIR)/Dylan.app/Dylan";
			};
			name = Release;
		};
		6A0E4EE81DE33BE5005C9888 /* Debug */ = {
			isa = XCBuildConfiguration;
			buildSettings = {
				ALWAYS_EMBED_SWIFT_STANDARD_LIBRARIES = YES;
				DEVELOPMENT_TEAM = BR4AEWE92V;
				INFOPLIST_FILE = DylanUITests/Info.plist;
				LD_RUNPATH_SEARCH_PATHS = "$(inherited) @executable_path/Frameworks @loader_path/Frameworks";
				PRODUCT_BUNDLE_IDENTIFIER = stevelewins.DylanUITests;
				PRODUCT_NAME = "$(TARGET_NAME)";
				SWIFT_VERSION = 3.0;
				TEST_TARGET_NAME = Dylan;
			};
			name = Debug;
		};
		6A0E4EE91DE33BE5005C9888 /* Release */ = {
			isa = XCBuildConfiguration;
			buildSettings = {
				ALWAYS_EMBED_SWIFT_STANDARD_LIBRARIES = YES;
				DEVELOPMENT_TEAM = BR4AEWE92V;
				INFOPLIST_FILE = DylanUITests/Info.plist;
				LD_RUNPATH_SEARCH_PATHS = "$(inherited) @executable_path/Frameworks @loader_path/Frameworks";
				PRODUCT_BUNDLE_IDENTIFIER = stevelewins.DylanUITests;
				PRODUCT_NAME = "$(TARGET_NAME)";
				SWIFT_VERSION = 3.0;
				TEST_TARGET_NAME = Dylan;
			};
			name = Release;
		};
/* End XCBuildConfiguration section */

/* Begin XCConfigurationList section */
		6A0E4EB41DE33BE4005C9888 /* Build configuration list for PBXProject "Dylan" */ = {
			isa = XCConfigurationList;
			buildConfigurations = (
				6A0E4EDF1DE33BE5005C9888 /* Debug */,
				6A0E4EE01DE33BE5005C9888 /* Release */,
			);
			defaultConfigurationIsVisible = 0;
			defaultConfigurationName = Release;
		};
		6A0E4EE11DE33BE5005C9888 /* Build configuration list for PBXNativeTarget "Dylan" */ = {
			isa = XCConfigurationList;
			buildConfigurations = (
				6A0E4EE21DE33BE5005C9888 /* Debug */,
				6A0E4EE31DE33BE5005C9888 /* Release */,
			);
			defaultConfigurationIsVisible = 0;
			defaultConfigurationName = Release;
		};
		6A0E4EE41DE33BE5005C9888 /* Build configuration list for PBXNativeTarget "DylanTests" */ = {
			isa = XCConfigurationList;
			buildConfigurations = (
				6A0E4EE51DE33BE5005C9888 /* Debug */,
				6A0E4EE61DE33BE5005C9888 /* Release */,
			);
			defaultConfigurationIsVisible = 0;
			defaultConfigurationName = Release;
		};
		6A0E4EE71DE33BE5005C9888 /* Build configuration list for PBXNativeTarget "DylanUITests" */ = {
			isa = XCConfigurationList;
			buildConfigurations = (
				6A0E4EE81DE33BE5005C9888 /* Debug */,
				6A0E4EE91DE33BE5005C9888 /* Release */,
			);
			defaultConfigurationIsVisible = 0;
			defaultConfigurationName = Release;
		};
/* End XCConfigurationList section */
	};
	rootObject = 6A0E4EB11DE33BE4005C9888 /* Project object */;
}
